{
  "name": "translationmanager",
  "version": "0.1.0",
  "lockfileVersion": 1,
  "dependencies": {
    "react-rating": {
      "version": "0.8.1",
      "resolved": "https://registry.npmjs.org/react-rating/-/react-rating-0.8.1.tgz",
      "integrity": "sha1-98c1QRJ1ye/PQ+jlMMP3FOq2Atg="
    }
  }
}
